
Microsoft Visual Studio Solution File, Format Version 12.00
# Visual Studio Version 16
VisualStudioVersion = 16.0.31005.135
MinimumVisualStudioVersion = 10.0.40219.1
Project("{FAE04EC0-301F-11D3-BF4B-00C04F79EFBC}") = "AzureServiceBus", "AzureServiceBus\AzureServiceBus.csproj", "{CD47CBFB-78E5-4707-AFC7-FDDDF22E3142}"
EndProject
Global
	GlobalSection(SolutionConfigurationPlatforms) = preSolution
		Debug|Any CPU = Debug|Any CPU
		Release|Any CPU = Release|Any CPU
	EndGlobalSection
	GlobalSection(ProjectConfigurationPlatforms) = postSolution
		{CD47CBFB-78E5-4707-AFC7-FDDDF22E3142}.Debug|Any CPU.ActiveCfg = Debug|Any CPU
		{CD47CBFB-78E5-4707-AFC7-FDDDF22E3142}.Debug|Any CPU.Build.0 = Debug|Any CPU
		{CD47CBFB-78E5-4707-AFC7-FDDDF22E3142}.Release|Any CPU.ActiveCfg = Release|Any CPU
		{CD47CBFB-78E5-4707-AFC7-FDDDF22E3142}.Release|Any CPU.Build.0 = Release|Any CPU
	EndGlobalSection
	GlobalSection(SolutionProperties) = preSolution
		HideSolutionNode = FALSE
	EndGlobalSection
	GlobalSection(ExtensibilityGlobals) = postSolution
		SolutionGuid = {C49E1B4D-70BB-422E-A759-BB8EF206E70C}
	EndGlobalSection
EndGlobal
